
Microsoft Visual Studio Solution File, Format Version 12.00
# Visual Studio Version 17
VisualStudioVersion = 17.0.31903.59
MinimumVisualStudioVersion = 10.0.40219.1
Project("{FAE04EC0-301F-11D3-BF4B-00C04F79EFBC}") = "IdentityProvider.Basic", "src\IdentityProvider.Basic\IdentityProvider.Basic.csproj", "{71AFA0F5-627A-47C9-A8A2-DA8A1FFD65C2}"
EndProject
Global
	GlobalSection(SolutionConfigurationPlatforms) = preSolution
		Debug|Any CPU = Debug|Any CPU
		Release|Any CPU = Release|Any CPU
	EndGlobalSection
	GlobalSection(ProjectConfigurationPlatforms) = postSolution
		{71AFA0F5-627A-47C9-A8A2-DA8A1FFD65C2}.Debug|Any CPU.ActiveCfg = Debug|Any CPU
		{71AFA0F5-627A-47C9-A8A2-DA8A1FFD65C2}.Debug|Any CPU.Build.0 = Debug|Any CPU
		{71AFA0F5-627A-47C9-A8A2-DA8A1FFD65C2}.Release|Any CPU.ActiveCfg = Release|Any CPU
		{71AFA0F5-627A-47C9-A8A2-DA8A1FFD65C2}.Release|Any CPU.Build.0 = Release|Any CPU
	EndGlobalSection
	GlobalSection(SolutionProperties) = preSolution
		HideSolutionNode = FALSE
	EndGlobalSection
EndGlobal
